
Microsoft Visual Studio Solution File, Format Version 11.00
# Visual Studio 2010
Project("{FAE04EC0-301F-11D3-BF4B-00C04F79EFBC}") = "Bomber Belts 2015", "Assembly-CSharp.csproj", "{61545C86-EBCC-DAF8-487A-2340AAB24D4F}"
EndProject
Project("{D04BE50C-5C2D-123D-35E0-C614A4951AC6}") = "Bomber Belts 2015", "Assembly-UnityScript-firstpass.unityproj", "{5FEF6F15-73C0-BD35-B435-5BAF97D71B1A}"
EndProject
Project("{FAE04EC0-301F-11D3-BF4B-00C04F79EFBC}") = "Bomber Belts 2015", "Assembly-CSharp-Editor.csproj", "{4A526130-515E-D806-067F-F699914843F9}"
EndProject
Global
	GlobalSection(SolutionConfigurationPlatforms) = preSolution
		Debug|Any CPU = Debug|Any CPU
		Release|Any CPU = Release|Any CPU
	EndGlobalSection
	GlobalSection(ProjectConfigurationPlatforms) = postSolution
		{61545C86-EBCC-DAF8-487A-2340AAB24D4F}.Debug|Any CPU.ActiveCfg = Debug|Any CPU
		{61545C86-EBCC-DAF8-487A-2340AAB24D4F}.Debug|Any CPU.Build.0 = Debug|Any CPU
		{61545C86-EBCC-DAF8-487A-2340AAB24D4F}.Release|Any CPU.ActiveCfg = Release|Any CPU
		{61545C86-EBCC-DAF8-487A-2340AAB24D4F}.Release|Any CPU.Build.0 = Release|Any CPU
		{5FEF6F15-73C0-BD35-B435-5BAF97D71B1A}.Debug|Any CPU.ActiveCfg = Debug|Any CPU
		{5FEF6F15-73C0-BD35-B435-5BAF97D71B1A}.Debug|Any CPU.Build.0 = Debug|Any CPU
		{5FEF6F15-73C0-BD35-B435-5BAF97D71B1A}.Release|Any CPU.ActiveCfg = Release|Any CPU
		{5FEF6F15-73C0-BD35-B435-5BAF97D71B1A}.Release|Any CPU.Build.0 = Release|Any CPU
		{4A526130-515E-D806-067F-F699914843F9}.Debug|Any CPU.ActiveCfg = Debug|Any CPU
		{4A526130-515E-D806-067F-F699914843F9}.Debug|Any CPU.Build.0 = Debug|Any CPU
		{4A526130-515E-D806-067F-F699914843F9}.Release|Any CPU.ActiveCfg = Release|Any CPU
		{4A526130-515E-D806-067F-F699914843F9}.Release|Any CPU.Build.0 = Release|Any CPU
	EndGlobalSection
	GlobalSection(SolutionProperties) = preSolution
		HideSolutionNode = FALSE
	EndGlobalSection
	GlobalSection(MonoDevelopProperties) = preSolution
		StartupItem = Assembly-CSharp.csproj
	EndGlobalSection
EndGlobal
